
Microsoft Visual Studio Solution File, Format Version 12.00
# Visual Studio 15
VisualStudioVersion = 15.0.27703.2042
MinimumVisualStudioVersion = 10.0.40219.1
Project("{FAE04EC0-301F-11D3-BF4B-00C04F79EFBC}") = "PKL_penjadwalan", "PKL_penjadwalan\PKL_penjadwalan.csproj", "{97F3706B-7EE7-4965-AD6B-6652BBBAF0E2}"
EndProject
Project("{54435603-DBB4-11D2-8724-00A0C9A8B90C}") = "Scheduler", "Scheduler\Scheduler.vdproj", "{1A7C2F94-A93A-4CAB-8223-342A25124FCF}"
EndProject
Global
	GlobalSection(SolutionConfigurationPlatforms) = preSolution
		Debug|Any CPU = Debug|Any CPU
		Debug|x64 = Debug|x64
		Release|Any CPU = Release|Any CPU
		Release|x64 = Release|x64
	EndGlobalSection
	GlobalSection(ProjectConfigurationPlatforms) = postSolution
		{97F3706B-7EE7-4965-AD6B-6652BBBAF0E2}.Debug|Any CPU.ActiveCfg = Debug|Any CPU
		{97F3706B-7EE7-4965-AD6B-6652BBBAF0E2}.Debug|Any CPU.Build.0 = Debug|Any CPU
		{97F3706B-7EE7-4965-AD6B-6652BBBAF0E2}.Debug|x64.ActiveCfg = Debug|x64
		{97F3706B-7EE7-4965-AD6B-6652BBBAF0E2}.Debug|x64.Build.0 = Debug|x64
		{97F3706B-7EE7-4965-AD6B-6652BBBAF0E2}.Release|Any CPU.ActiveCfg = Release|Any CPU
		{97F3706B-7EE7-4965-AD6B-6652BBBAF0E2}.Release|Any CPU.Build.0 = Release|Any CPU
		{97F3706B-7EE7-4965-AD6B-6652BBBAF0E2}.Release|x64.ActiveCfg = Release|x64
		{97F3706B-7EE7-4965-AD6B-6652BBBAF0E2}.Release|x64.Build.0 = Release|x64
		{1A7C2F94-A93A-4CAB-8223-342A25124FCF}.Debug|Any CPU.ActiveCfg = Debug
		{1A7C2F94-A93A-4CAB-8223-342A25124FCF}.Debug|x64.ActiveCfg = Debug
		{1A7C2F94-A93A-4CAB-8223-342A25124FCF}.Release|Any CPU.ActiveCfg = Release
		{1A7C2F94-A93A-4CAB-8223-342A25124FCF}.Release|x64.ActiveCfg = Release
	EndGlobalSection
	GlobalSection(SolutionProperties) = preSolution
		HideSolutionNode = FALSE
	EndGlobalSection
	GlobalSection(ExtensibilityGlobals) = postSolution
		SolutionGuid = {9C9AA93F-B65B-4BFA-B117-896595DFA621}
	EndGlobalSection
EndGlobal
